// !$*UTF8*$!
{
	archiveVersion = 1;
	classes = {
	};
	objectVersion = 46;
	objects = {

/* Begin PBXBuildFile section */
		1100941119915115008584F7 /* SwitchViewController.swift in Sources */ = {isa = PBXBuildFile; fileRef = 1100941019915115008584F7 /* SwitchViewController.swift */; };
		1100941319915C7F008584F7 /* SilderViewController.swift in Sources */ = {isa = PBXBuildFile; fileRef = 1100941219915C7F008584F7 /* SilderViewController.swift */; };
		110094151991625C008584F7 /* SegmentViewController.swift in Sources */ = {isa = PBXBuildFile; fileRef = 110094141991625C008584F7 /* SegmentViewController.swift */; };
		11BAB6C019905A7E009924BB /* AppDelegate.swift in Sources */ = {isa = PBXBuildFile; fileRef = 11BAB6BF19905A7E009924BB /* AppDelegate.swift */; };
		11BAB6C219905A7E009924BB /* ViewController.swift in Sources */ = {isa = PBXBuildFile; fileRef = 11BAB6C119905A7E009924BB /* ViewController.swift */; };
		11BAB6C519905A7E009924BB /* Main.storyboard in Resources */ = {isa = PBXBuildFile; fileRef = 11BAB6C319905A7E009924BB /* Main.storyboard */; };
		11BAB6C719905A7E009924BB /* Images.xcassets in Resources */ = {isa = PBXBuildFile; fileRef = 11BAB6C619905A7E009924BB /* Images.xcassets */; };
		11BAB6D319905A7E009924BB /* Homework4Tests.swift in Sources */ = {isa = PBXBuildFile; fileRef = 11BAB6D219905A7E009924BB /* Homework4Tests.swift */; };
		11BAB6DD19905BD4009924BB /* TableViewController.swift in Sources */ = {isa = PBXBuildFile; fileRef = 11BAB6DC19905BD3009924BB /* TableViewController.swift */; };
/* End PBXBuildFile section */

/* Begin PBXContainerItemProxy section */
		11BAB6CD19905A7E009924BB /* PBXContainerItemProxy */ = {
			isa = PBXContainerItemProxy;
			containerPortal = 11BAB6B219905A7E009924BB /* Project object */;
			proxyType = 1;
			remoteGlobalIDString = 11BAB6B919905A7E009924BB;
			remoteInfo = Homework4;
		};
/* End PBXContainerItemProxy section */

/* Begin PBXFileReference section */
		1100941019915115008584F7 /* SwitchViewController.swift */ = {isa = PBXFileReference; fileEncoding = 4; lastKnownFileType = sourcecode.swift; path = SwitchViewController.swift; sourceTree = "<group>"; };
		1100941219915C7F008584F7 /* SilderViewController.swift */ = {isa = PBXFileReference; fileEncoding = 4; lastKnownFileType = sourcecode.swift; path = SilderViewController.swift; sourceTree = "<group>"; };
		110094141991625C008584F7 /* SegmentViewController.swift */ = {isa = PBXFileReference; fileEncoding = 4; lastKnownFileType = sourcecode.swift; path = SegmentViewController.swift; sourceTree = "<group>"; };
		11BAB6BA19905A7E009924BB /* Homework4.app */ = {isa = PBXFileReference; explicitFileType = wrapper.application; includeInIndex = 0; path = Homework4.app; sourceTree = BUILT_PRODUCTS_DIR; };
		11BAB6BE19905A7E009924BB /* Info.plist */ = {isa = PBXFileReference; lastKnownFileType = text.plist.xml; path = Info.plist; sourceTree = "<group>"; };
		11BAB6BF19905A7E009924BB /* AppDelegate.swift */ = {isa = PBXFileReference; lastKnownFileType = sourcecode.swift; path = AppDelegate.swift; sourceTree = "<group>"; };
		11BAB6C119905A7E009924BB /* ViewController.swift */ = {isa = PBXFileReference; lastKnownFileType = sourcecode.swift; path = ViewController.swift; sourceTree = "<group>"; };
		11BAB6C419905A7E009924BB /* Base */ = {isa = PBXFileReference; lastKnownFileType = file.storyboard; name = Base; path = Base.lproj/Main.storyboard; sourceTree = "<group>"; };
		11BAB6C619905A7E009924BB /* Images.xcassets */ = {isa = PBXFileReference; lastKnownFileType = folder.assetcatalog; path = Images.xcassets; sourceTree = "<group>"; };
		11BAB6CC19905A7E009924BB /* Homework4Tests.xctest */ = {isa = PBXFileReference; explicitFileType = wrapper.cfbundle; includeInIndex = 0; path = Homework4Tests.xctest; sourceTree = BUILT_PRODUCTS_DIR; };
		11BAB6D119905A7E009924BB /* Info.plist */ = {isa = PBXFileReference; lastKnownFileType = text.plist.xml; path = Info.plist; sourceTree = "<group>"; };
		11BAB6D219905A7E009924BB /* Homework4Tests.swift */ = {isa = PBXFileReference; lastKnownFileType = sourcecode.swift; path = Homework4Tests.swift; sourceTree = "<group>"; };
		11BAB6DC19905BD3009924BB /* TableViewController.swift */ = {isa = PBXFileReference; fileEncoding = 4; lastKnownFileType = sourcecode.swift; path = TableViewController.swift; sourceTree = "<group>"; };
/* End PBXFileReference section */

/* Begin PBXFrameworksBuildPhase section */
		11BAB6B719905A7E009924BB /* Frameworks */ = {
			isa = PBXFrameworksBuildPhase;
			buildActionMask = 2147483647;
			files = (
			);
			runOnlyForDeploymentPostprocessing = 0;
		};
		11BAB6C919905A7E009924BB /* Frameworks */ = {
			isa = PBXFrameworksBuildPhase;
			buildActionMask = 2147483647;
			files = (
			);
			runOnlyForDeploymentPostprocessing = 0;
		};
/* End PBXFrameworksBuildPhase section */

/* Begin PBXGroup section */
		11BAB6B119905A7E009924BB = {
			isa = PBXGroup;
			children = (
				11BAB6BC19905A7E009924BB /* Homework4 */,
				11BAB6CF19905A7E009924BB /* Homework4Tests */,
				11BAB6BB19905A7E009924BB /* Products */,
			);
			sourceTree = "<group>";
		};
		11BAB6BB19905A7E009924BB /* Products */ = {
			isa = PBXGroup;
			children = (
				11BAB6BA19905A7E009924BB /* Homework4.app */,
				11BAB6CC19905A7E009924BB /* Homework4Tests.xctest */,
			);
			name = Products;
			sourceTree = "<group>";
		};
		11BAB6BC19905A7E009924BB /* Homework4 */ = {
			isa = PBXGroup;
			children = (
				11BAB6BF19905A7E009924BB /* AppDelegate.swift */,
				11BAB6C119905A7E009924BB /* ViewController.swift */,
				11BAB6C319905A7E009924BB /* Main.storyboard */,
				110094141991625C008584F7 /* SegmentViewController.swift */,
				1100941219915C7F008584F7 /* SilderViewController.swift */,
				1100941019915115008584F7 /* SwitchViewController.swift */,
				11BAB6DC19905BD3009924BB /* TableViewController.swift */,
				11BAB6C619905A7E009924BB /* Images.xcassets */,
				11BAB6BD19905A7E009924BB /* Supporting Files */,
			);
			path = Homework4;
			sourceTree = "<group>";
		};
		11BAB6BD19905A7E009924BB /* Supporting Files */ = {
			isa = PBXGroup;
			children = (
				11BAB6BE19905A7E009924BB /* Info.plist */,
			);
			name = "Supporting Files";
			sourceTree = "<group>";
		};
		11BAB6CF19905A7E009924BB /* Homework4Tests */ = {
			isa = PBXGroup;
			children = (
				11BAB6D219905A7E009924BB /* Homework4Tests.swift */,
				11BAB6D019905A7E009924BB /* Supporting Files */,
			);
			path = Homework4Tests;
			sourceTree = "<group>";
		};
		11BAB6D019905A7E009924BB /* Supporting Files */ = {
			isa = PBXGroup;
			children = (
				11BAB6D119905A7E009924BB /* Info.plist */,
			);
			name = "Supporting Files";
			sourceTree = "<group>";
		};
/* End PBXGroup section */

/* Begin PBXNativeTarget section */
		11BAB6B919905A7E009924BB /* Homework4 */ = {
			isa = PBXNativeTarget;
			buildConfigurationList = 11BAB6D619905A7E009924BB /* Build configuration list for PBXNativeTarget "Homework4" */;
			buildPhases = (
				11BAB6B619905A7E009924BB /* Sources */,
				11BAB6B719905A7E009924BB /* Frameworks */,
				11BAB6B819905A7E009924BB /* Resources */,
			);
			buildRules = (
			);
			dependencies = (
			);
			name = Homework4;
			productName = Homework4;
			productReference = 11BAB6BA19905A7E009924BB /* Homework4.app */;
			productType = "com.apple.product-type.application";
		};
		11BAB6CB19905A7E009924BB /* Homework4Tests */ = {
			isa = PBXNativeTarget;
			buildConfigurationList = 11BAB6D919905A7E009924BB /* Build configuration list for PBXNativeTarget "Homework4Tests" */;
			buildPhases = (
				11BAB6C819905A7E009924BB /* Sources */,
				11BAB6C919905A7E009924BB /* Frameworks */,
				11BAB6CA19905A7E009924BB /* Resources */,
			);
			buildRules = (
			);
			dependencies = (
				11BAB6CE19905A7E009924BB /* PBXTargetDependency */,
			);
			name = Homework4Tests;
			productName = Homework4Tests;
			productReference = 11BAB6CC19905A7E009924BB /* Homework4Tests.xctest */;
			productType = "com.apple.product-type.bundle.unit-test";
		};
/* End PBXNativeTarget section */

/* Begin PBXProject section */
		11BAB6B219905A7E009924BB /* Project object */ = {
			isa = PBXProject;
			attributes = {
				LastUpgradeCheck = 0600;
				ORGANIZATIONNAME = "Lorgio Jimenez";
				TargetAttributes = {
					11BAB6B919905A7E009924BB = {
						CreatedOnToolsVersion = 6.0;
					};
					11BAB6CB19905A7E009924BB = {
						CreatedOnToolsVersion = 6.0;
						TestTargetID = 11BAB6B919905A7E009924BB;
					};
				};
			};
			buildConfigurationList = 11BAB6B519905A7E009924BB /* Build configuration list for PBXProject "Homework4" */;
			compatibilityVersion = "Xcode 3.2";
			developmentRegion = English;
			hasScannedForEncodings = 0;
			knownRegions = (
				en,
				Base,
			);
			mainGroup = 11BAB6B119905A7E009924BB;
			productRefGroup = 11BAB6BB19905A7E009924BB /* Products */;
			projectDirPath = "";
			projectRoot = "";
			targets = (
				11BAB6B919905A7E009924BB /* Homework4 */,
				11BAB6CB19905A7E009924BB /* Homework4Tests */,
			);
		};
/* End PBXProject section */

/* Begin PBXResourcesBuildPhase section */
		11BAB6B819905A7E009924BB /* Resources */ = {
			isa = PBXResourcesBuildPhase;
			buildActionMask = 2147483647;
			files = (
				11BAB6C519905A7E009924BB /* Main.storyboard in Resources */,
				11BAB6C719905A7E009924BB /* Images.xcassets in Resources */,
			);
			runOnlyForDeploymentPostprocessing = 0;
		};
		11BAB6CA19905A7E009924BB /* Resources */ = {
			isa = PBXResourcesBuildPhase;
			buildActionMask = 2147483647;
			files = (
			);
			runOnlyForDeploymentPostprocessing = 0;
		};
/* End PBXResourcesBuildPhase section */

/* Begin PBXSourcesBuildPhase section */
		11BAB6B619905A7E009924BB /* Sources */ = {
			isa = PBXSourcesBuildPhase;
			buildActionMask = 2147483647;
			files = (
				11BAB6C219905A7E009924BB /* ViewController.swift in Sources */,
				1100941319915C7F008584F7 /* SilderViewController.swift in Sources */,
				11BAB6DD19905BD4009924BB /* TableViewController.swift in Sources */,
				1100941119915115008584F7 /* SwitchViewController.swift in Sources */,
				110094151991625C008584F7 /* SegmentViewController.swift in Sources */,
				11BAB6C019905A7E009924BB /* AppDelegate.swift in Sources */,
			);
			runOnlyForDeploymentPostprocessing = 0;
		};
		11BAB6C819905A7E009924BB /* Sources */ = {
			isa = PBXSourcesBuildPhase;
			buildActionMask = 2147483647;
			files = (
				11BAB6D319905A7E009924BB /* Homework4Tests.swift in Sources */,
			);
			runOnlyForDeploymentPostprocessing = 0;
		};
/* End PBXSourcesBuildPhase section */

/* Begin PBXTargetDependency section */
		11BAB6CE19905A7E009924BB /* PBXTargetDependency */ = {
			isa = PBXTargetDependency;
			target = 11BAB6B919905A7E009924BB /* Homework4 */;
			targetProxy = 11BAB6CD19905A7E009924BB /* PBXContainerItemProxy */;
		};
/* End PBXTargetDependency section */

/* Begin PBXVariantGroup section */
		11BAB6C319905A7E009924BB /* Main.storyboard */ = {
			isa = PBXVariantGroup;
			children = (
				11BAB6C419905A7E009924BB /* Base */,
			);
			name = Main.storyboard;
			sourceTree = "<group>";
		};
/* End PBXVariantGroup section */

/* Begin XCBuildConfiguration section */
		11BAB6D419905A7E009924BB /* Debug */ = {
			isa = XCBuildConfiguration;
			buildSettings = {
				ALWAYS_SEARCH_USER_PATHS = NO;
				CLANG_CXX_LANGUAGE_STANDARD = "gnu++0x";
				CLANG_CXX_LIBRARY = "libc++";
				CLANG_ENABLE_MODULES = YES;
				CLANG_ENABLE_OBJC_ARC = YES;
				CLANG_WARN_BOOL_CONVERSION = YES;
				CLANG_WARN_CONSTANT_CONVERSION = YES;
				CLANG_WARN_DIRECT_OBJC_ISA_USAGE = YES_ERROR;
				CLANG_WARN_EMPTY_BODY = YES;
				CLANG_WARN_ENUM_CONVERSION = YES;
				CLANG_WARN_INT_CONVERSION = YES;
				CLANG_WARN_OBJC_ROOT_CLASS = YES_ERROR;
				CLANG_WARN_UNREACHABLE_CODE = YES;
				CLANG_WARN__DUPLICATE_METHOD_MATCH = YES;
				"CODE_SIGN_IDENTITY[sdk=iphoneos*]" = "iPhone Developer";
				COPY_PHASE_STRIP = NO;
				ENABLE_STRICT_OBJC_MSGSEND = YES;
				GCC_C_LANGUAGE_STANDARD = gnu99;
				GCC_DYNAMIC_NO_PIC = NO;
				GCC_OPTIMIZATION_LEVEL = 0;
				GCC_PREPROCESSOR_DEFINITIONS = (
					"DEBUG=1",
					"$(inherited)",
				);
				GCC_SYMBOLS_PRIVATE_EXTERN = NO;
				GCC_WARN_64_TO_32_BIT_CONVERSION = YES;
				GCC_WARN_ABOUT_RETURN_TYPE = YES_ERROR;
				GCC_WARN_UNDECLARED_SELECTOR = YES;
				GCC_WARN_UNINITIALIZED_AUTOS = YES_AGGRESSIVE;
				GCC_WARN_UNUSED_FUNCTION = YES;
				GCC_WARN_UNUSED_VARIABLE = YES;
				IPHONEOS_DEPLOYMENT_TARGET = 8.0;
				MTL_ENABLE_DEBUG_INFO = YES;
				ONLY_ACTIVE_ARCH = YES;
				SDKROOT = iphoneos;
				SWIFT_OPTIMIZATION_LEVEL = "-Onone";
			};
			name = Debug;
		};
		11BAB6D519905A7E009924BB /* Release */ = {
			isa = XCBuildConfiguration;
			buildSettings = {
				ALWAYS_SEARCH_USER_PATHS = NO;
				CLANG_CXX_LANGUAGE_STANDARD = "gnu++0x";
				CLANG_CXX_LIBRARY = "libc++";
				CLANG_ENABLE_MODULES = YES;
				CLANG_ENABLE_OBJC_ARC = YES;
				CLANG_WARN_BOOL_CONVERSION = YES;
				CLANG_WARN_CONSTANT_CONVERSION = YES;
				CLANG_WARN_DIRECT_OBJC_ISA_USAGE = YES_ERROR;
				CLANG_WARN_EMPTY_BODY = YES;
				CLANG_WARN_ENUM_CONVERSION = YES;
				CLANG_WARN_INT_CONVERSION = YES;
				CLANG_WARN_OBJC_ROOT_CLASS = YES_ERROR;
				CLANG_WARN_UNREACHABLE_CODE = YES;
				CLANG_WARN__DUPLICATE_METHOD_MATCH = YES;
				"CODE_SIGN_IDENTITY[sdk=iphoneos*]" = "iPhone Developer";
				COPY_PHASE_STRIP = YES;
				ENABLE_NS_ASSERTIONS = NO;
				ENABLE_STRICT_OBJC_MSGSEND = YES;
				GCC_C_LANGUAGE_STANDARD = gnu99;
				GCC_WARN_64_TO_32_BIT_CONVERSION = YES;
				GCC_WARN_ABOUT_RETURN_TYPE = YES_ERROR;
				GCC_WARN_UNDECLARED_SELECTOR = YES;
				GCC_WARN_UNINITIALIZED_AUTOS = YES_AGGRESSIVE;
				GCC_WARN_UNUSED_FUNCTION = YES;
				GCC_WARN_UNUSED_VARIABLE = YES;
				IPHONEOS_DEPLOYMENT_TARGET = 8.0;
				MTL_ENABLE_DEBUG_INFO = NO;
				SDKROOT = iphoneos;
				VALIDATE_PRODUCT = YES;
			};
			name = Release;
		};
		11BAB6D719905A7E009924BB /* Debug */ = {
			isa = XCBuildConfiguration;
			buildSettings = {
				ASSETCATALOG_COMPILER_APPICON_NAME = AppIcon;
				ASSETCATALOG_COMPILER_LAUNCHIMAGE_NAME = LaunchImage;
				INFOPLIST_FILE = Homework4/Info.plist;
				LD_RUNPATH_SEARCH_PATHS = "$(inherited) @executable_path/Frameworks";
				PRODUCT_NAME = "$(TARGET_NAME)";
			};
			name = Debug;
		};
		11BAB6D819905A7E009924BB /* Release */ = {
			isa = XCBuildConfiguration;
			buildSettings = {
				ASSETCATALOG_COMPILER_APPICON_NAME = AppIcon;
				ASSETCATALOG_COMPILER_LAUNCHIMAGE_NAME = LaunchImage;
				INFOPLIST_FILE = Homework4/Info.plist;
				LD_RUNPATH_SEARCH_PATHS = "$(inherited) @executable_path/Frameworks";
				PRODUCT_NAME = "$(TARGET_NAME)";
			};
			name = Release;
		};
		11BAB6DA19905A7E009924BB /* Debug */ = {
			isa = XCBuildConfiguration;
			buildSettings = {
				BUNDLE_LOADER = "$(TEST_HOST)";
				FRAMEWORK_SEARCH_PATHS = (
					"$(SDKROOT)/Developer/Library/Frameworks",
					"$(inherited)",
				);
				GCC_PREPROCESSOR_DEFINITIONS = (
					"DEBUG=1",
					"$(inherited)",
				);
				INFOPLIST_FILE = Homework4Tests/Info.plist;
				LD_RUNPATH_SEARCH_PATHS = "$(inherited) @executable_path/Frameworks @loader_path/Frameworks";
				PRODUCT_NAME = "$(TARGET_NAME)";
				TEST_HOST = "$(BUILT_PRODUCTS_DIR)/Homework4.app/Homework4";
			};
			name = Debug;
		};
		11BAB6DB19905A7E009924BB /* Release */ = {
			isa = XCBuildConfiguration;
			buildSettings = {
				BUNDLE_LOADER = "$(TEST_HOST)";
				FRAMEWORK_SEARCH_PATHS = (
					"$(SDKROOT)/Developer/Library/Frameworks",
					"$(inherited)",
				);
				INFOPLIST_FILE = Homework4Tests/Info.plist;
				LD_RUNPATH_SEARCH_PATHS = "$(inherited) @executable_path/Frameworks @loader_path/Frameworks";
				PRODUCT_NAME = "$(TARGET_NAME)";
				TEST_HOST = "$(BUILT_PRODUCTS_DIR)/Homework4.app/Homework4";
			};
			name = Release;
		};
/* End XCBuildConfiguration section */

/* Begin XCConfigurationList section */
		11BAB6B519905A7E009924BB /* Build configuration list for PBXProject "Homework4" */ = {
			isa = XCConfigurationList;
			buildConfigurations = (
				11BAB6D419905A7E009924BB /* Debug */,
				11BAB6D519905A7E009924BB /* Release */,
			);
			defaultConfigurationIsVisible = 0;
			defaultConfigurationName = Release;
		};
		11BAB6D619905A7E009924BB /* Build configuration list for PBXNativeTarget "Homework4" */ = {
			isa = XCConfigurationList;
			buildConfigurations = (
				11BAB6D719905A7E009924BB /* Debug */,
				11BAB6D819905A7E009924BB /* Release */,
			);
			defaultConfigurationIsVisible = 0;
			defaultConfigurationName = Release;
		};
		11BAB6D919905A7E009924BB /* Build configuration list for PBXNativeTarget "Homework4Tests" */ = {
			isa = XCConfigurationList;
			buildConfigurations = (
				11BAB6DA19905A7E009924BB /* Debug */,
				11BAB6DB19905A7E009924BB /* Release */,
			);
			defaultConfigurationIsVisible = 0;
			defaultConfigurationName = Release;
		};
/* End XCConfigurationList section */
	};
	rootObject = 11BAB6B219905A7E009924BB /* Project object */;
}
